// !$*UTF8*$!
{
	archiveVersion = 1;
	classes = {
	};
	objectVersion = 51;
	objects = {

/* Begin PBXBuildFile section */
		1E3CC26C250EB98C00158B27 /* LoginAccountService.swift in Sources */ = {isa = PBXBuildFile; fileRef = 1E3CC26B250EB98C00158B27 /* LoginAccountService.swift */; };
		1E3CC26E250EBBD600158B27 /* UserLoginViewController.swift in Sources */ = {isa = PBXBuildFile; fileRef = 1E3CC26D250EBBD600158B27 /* UserLoginViewController.swift */; };
		1E3CC270250EBD7700158B27 /* UserLoginView.swift in Sources */ = {isa = PBXBuildFile; fileRef = 1E3CC26F250EBD7700158B27 /* UserLoginView.swift */; };
		1E3CC274250FF08100158B27 /* QuicksandVariableFontwght.ttf in Resources */ = {isa = PBXBuildFile; fileRef = 1E3CC273250FF08100158B27 /* QuicksandVariableFontwght.ttf */; };
		1E5E28F824A0F3680077B3E3 /* ParticipantTextField.swift in Sources */ = {isa = PBXBuildFile; fileRef = 1E5E28F724A0F3680077B3E3 /* ParticipantTextField.swift */; };
		1E5E291A24A4038B0077B3E3 /* ParticipantInputView.swift in Sources */ = {isa = PBXBuildFile; fileRef = 1E5E291924A4038B0077B3E3 /* ParticipantInputView.swift */; };
		1E60AA8A25093A4C0008C7D3 /* CustomInputView.swift in Sources */ = {isa = PBXBuildFile; fileRef = 1E60AA8925093A4C0008C7D3 /* CustomInputView.swift */; };
		1E60AA8C25093D400008C7D3 /* CustomTextField.swift in Sources */ = {isa = PBXBuildFile; fileRef = 1E60AA8B25093D400008C7D3 /* CustomTextField.swift */; };
		1E623A362559BF1900F79D7F /* loading-gif.gif in Resources */ = {isa = PBXBuildFile; fileRef = 1E623A352559BF1900F79D7F /* loading-gif.gif */; };
		1E6E5F2024C10A36005805FC /* BaseWebService.swift in Sources */ = {isa = PBXBuildFile; fileRef = 1E6E5F1F24C10A36005805FC /* BaseWebService.swift */; };
		1E6E866924D7435C002D6CAE /* TutorialViewController.swift in Sources */ = {isa = PBXBuildFile; fileRef = 1E6E866824D7435C002D6CAE /* TutorialViewController.swift */; };
		1E6E866E24DCDEB5002D6CAE /* CreateUserLoginViewController.swift in Sources */ = {isa = PBXBuildFile; fileRef = 1E6E866D24DCDEB5002D6CAE /* CreateUserLoginViewController.swift */; };
		1E6E867024DCE155002D6CAE /* CreateUserLoginView.swift in Sources */ = {isa = PBXBuildFile; fileRef = 1E6E866F24DCE155002D6CAE /* CreateUserLoginView.swift */; };
		1E84394324A02B6E0029718E /* ParticipantsViewController.swift in Sources */ = {isa = PBXBuildFile; fileRef = 1E84394224A02B6E0029718E /* ParticipantsViewController.swift */; };
		1E84394524A02C2C0029718E /* ParticipantsView.swift in Sources */ = {isa = PBXBuildFile; fileRef = 1E84394424A02C2C0029718E /* ParticipantsView.swift */; };
		1E84394824A039850029718E /* AddParticipantAlertViewController.swift in Sources */ = {isa = PBXBuildFile; fileRef = 1E84394724A039850029718E /* AddParticipantAlertViewController.swift */; };
		1E84394A24A03AE50029718E /* AddParticipantView.swift in Sources */ = {isa = PBXBuildFile; fileRef = 1E84394924A03AE50029718E /* AddParticipantView.swift */; };
		1E89552D24E029CC000FAFFE /* CreateAccountService.swift in Sources */ = {isa = PBXBuildFile; fileRef = 1E89552C24E029CC000FAFFE /* CreateAccountService.swift */; };
		1EA59E7225558537007B1F6B /* UIImageView+Gif.swift in Sources */ = {isa = PBXBuildFile; fileRef = 1EA59E7125558537007B1F6B /* UIImageView+Gif.swift */; };
		1EA9E1B324A91A6600622DEA /* GroupTableViewCell.swift in Sources */ = {isa = PBXBuildFile; fileRef = 1EA9E1B224A91A6600622DEA /* GroupTableViewCell.swift */; };
		1EF12238254EE779004275E5 /* UIImageView.swift in Sources */ = {isa = PBXBuildFile; fileRef = 1EF12237254EE779004275E5 /* UIImageView.swift */; };
		1EF12239254EE779004275E5 /* UIImageView.swift in Sources */ = {isa = PBXBuildFile; fileRef = 1EF12237254EE779004275E5 /* UIImageView.swift */; };
		1EF1223A254EE779004275E5 /* UIImageView.swift in Sources */ = {isa = PBXBuildFile; fileRef = 1EF12237254EE779004275E5 /* UIImageView.swift */; };
		3101F993244234FD006D3ED6 /* CreateGroupViewController.swift in Sources */ = {isa = PBXBuildFile; fileRef = 3101F992244234FD006D3ED6 /* CreateGroupViewController.swift */; };
		3101F995244235C5006D3ED6 /* CreateGroupView.swift in Sources */ = {isa = PBXBuildFile; fileRef = 3101F994244235C5006D3ED6 /* CreateGroupView.swift */; };
		3101F99724426CCF006D3ED6 /* WhiteBoxView.swift in Sources */ = {isa = PBXBuildFile; fileRef = 3101F99624426CCF006D3ED6 /* WhiteBoxView.swift */; };
		3113CEDD243A7D73001DF8CB /* strings.swift in Sources */ = {isa = PBXBuildFile; fileRef = 3113CEDB243A7D73001DF8CB /* strings.swift */; };
		3113CEDE243A7D73001DF8CB /* assets-images.swift in Sources */ = {isa = PBXBuildFile; fileRef = 3113CEDC243A7D73001DF8CB /* assets-images.swift */; };
		3113CEE9243A9162001DF8CB /* AssetsColors.swift in Sources */ = {isa = PBXBuildFile; fileRef = 3113CEE7243A9162001DF8CB /* AssetsColors.swift */; };
		3113CEEA243A9162001DF8CB /* colors.txt in Resources */ = {isa = PBXBuildFile; fileRef = 3113CEE8243A9162001DF8CB /* colors.txt */; };
		3113CEED243E9AED001DF8CB /* ApplicationCoordinator.swift in Sources */ = {isa = PBXBuildFile; fileRef = 3113CEEC243E9AED001DF8CB /* ApplicationCoordinator.swift */; };
		3113CEEE243E9AED001DF8CB /* ApplicationCoordinator.swift in Sources */ = {isa = PBXBuildFile; fileRef = 3113CEEC243E9AED001DF8CB /* ApplicationCoordinator.swift */; };
		3113CEEF243E9AED001DF8CB /* ApplicationCoordinator.swift in Sources */ = {isa = PBXBuildFile; fileRef = 3113CEEC243E9AED001DF8CB /* ApplicationCoordinator.swift */; };
		3113CEF1243E9B36001DF8CB /* Coordinator.swift in Sources */ = {isa = PBXBuildFile; fileRef = 3113CEF0243E9B36001DF8CB /* Coordinator.swift */; };
		3113CEF2243E9B36001DF8CB /* Coordinator.swift in Sources */ = {isa = PBXBuildFile; fileRef = 3113CEF0243E9B36001DF8CB /* Coordinator.swift */; };
		3113CEF3243E9B36001DF8CB /* Coordinator.swift in Sources */ = {isa = PBXBuildFile; fileRef = 3113CEF0243E9B36001DF8CB /* Coordinator.swift */; };
		3113CEF5243E9F3C001DF8CB /* MainCoordinator.swift in Sources */ = {isa = PBXBuildFile; fileRef = 3113CEF4243E9F3C001DF8CB /* MainCoordinator.swift */; };
		3113CEF6243E9F3C001DF8CB /* MainCoordinator.swift in Sources */ = {isa = PBXBuildFile; fileRef = 3113CEF4243E9F3C001DF8CB /* MainCoordinator.swift */; };
		3113CEF7243E9F3C001DF8CB /* MainCoordinator.swift in Sources */ = {isa = PBXBuildFile; fileRef = 3113CEF4243E9F3C001DF8CB /* MainCoordinator.swift */; };
		3113CEFB243EAB4B001DF8CB /* GroupViewController.swift in Sources */ = {isa = PBXBuildFile; fileRef = 3113CEFA243EAB4B001DF8CB /* GroupViewController.swift */; };
		3113CEFD243EAE02001DF8CB /* GroupView.swift in Sources */ = {isa = PBXBuildFile; fileRef = 3113CEFC243EAE02001DF8CB /* GroupView.swift */; };
		3113CEFF243EB048001DF8CB /* Localizable.strings in Resources */ = {isa = PBXBuildFile; fileRef = 3113CEFE243EB048001DF8CB /* Localizable.strings */; };
		3113CF01243EB4BF001DF8CB /* CreateGroupCoordinator.swift in Sources */ = {isa = PBXBuildFile; fileRef = 3113CF00243EB4BF001DF8CB /* CreateGroupCoordinator.swift */; };
		3113CF04243FF8E2001DF8CB /* CustomButton.swift in Sources */ = {isa = PBXBuildFile; fileRef = 3113CF03243FF8E2001DF8CB /* CustomButton.swift */; };
		314DC827243A581100CDF881 /* Reachability.swift in Sources */ = {isa = PBXBuildFile; fileRef = 314DC826243A581100CDF881 /* Reachability.swift */; };
		314DC829243A601B00CDF881 /* HTTPMethod.swift in Sources */ = {isa = PBXBuildFile; fileRef = 314DC828243A601B00CDF881 /* HTTPMethod.swift */; };
		315FB8FF24511B6800872A20 /* FormInputView.swift in Sources */ = {isa = PBXBuildFile; fileRef = 315FB8FE24511B6800872A20 /* FormInputView.swift */; };
		316CE750241F14A600411DDF /* GoogleService-Info.plist in Resources */ = {isa = PBXBuildFile; fileRef = 316CE74F241F14A500411DDF /* GoogleService-Info.plist */; };
		31AB51CA2421D5C400018DF6 /* MenuView.swift in Sources */ = {isa = PBXBuildFile; fileRef = 31AB51C92421D5C400018DF6 /* MenuView.swift */; };
		31C2244F2482EEFB00675155 /* SegoeUIBoldItalic.ttf in Resources */ = {isa = PBXBuildFile; fileRef = 31C2244B2482EEFA00675155 /* SegoeUIBoldItalic.ttf */; };
		31C224502482EEFB00675155 /* SegoeUIBold.ttf in Resources */ = {isa = PBXBuildFile; fileRef = 31C2244C2482EEFB00675155 /* SegoeUIBold.ttf */; };
		31C224512482EEFB00675155 /* SegoeUIItalic.ttf in Resources */ = {isa = PBXBuildFile; fileRef = 31C2244D2482EEFB00675155 /* SegoeUIItalic.ttf */; };
		31C224522482EEFB00675155 /* SegoeUI.ttf in Resources */ = {isa = PBXBuildFile; fileRef = 31C2244E2482EEFB00675155 /* SegoeUI.ttf */; };
		31C224542482F42000675155 /* assets-fonts.swift in Sources */ = {isa = PBXBuildFile; fileRef = 31C224532482F42000675155 /* assets-fonts.swift */; };
		31C239662412E6E4008AC51C /* AppDelegate.swift in Sources */ = {isa = PBXBuildFile; fileRef = 31C239652412E6E4008AC51C /* AppDelegate.swift */; };
		31C239682412E6E4008AC51C /* ViewController.swift in Sources */ = {isa = PBXBuildFile; fileRef = 31C239672412E6E4008AC51C /* ViewController.swift */; };
		31C2396B2412E6E4008AC51C /* Main.storyboard in Resources */ = {isa = PBXBuildFile; fileRef = 31C239692412E6E4008AC51C /* Main.storyboard */; };
		31C2396D2412E6E9008AC51C /* Assets.xcassets in Resources */ = {isa = PBXBuildFile; fileRef = 31C2396C2412E6E9008AC51C /* Assets.xcassets */; };
		31C239702412E6E9008AC51C /* LaunchScreen.storyboard in Resources */ = {isa = PBXBuildFile; fileRef = 31C2396E2412E6E9008AC51C /* LaunchScreen.storyboard */; };
		31C2397B2412E6E9008AC51C /* SecretSantaTests.swift in Sources */ = {isa = PBXBuildFile; fileRef = 31C2397A2412E6E9008AC51C /* SecretSantaTests.swift */; };
		31C239862412E6E9008AC51C /* SecretSantaUITests.swift in Sources */ = {isa = PBXBuildFile; fileRef = 31C239852412E6E9008AC51C /* SecretSantaUITests.swift */; };
		31FBA1E12453674E0011F917 /* FieldValidator.swift in Sources */ = {isa = PBXBuildFile; fileRef = 31FBA1E02453674E0011F917 /* FieldValidator.swift */; };
		31FBA1E3245367C80011F917 /* ValidatorResponse.swift in Sources */ = {isa = PBXBuildFile; fileRef = 31FBA1E2245367C80011F917 /* ValidatorResponse.swift */; };
		31FBA1E5245368550011F917 /* FieldError.swift in Sources */ = {isa = PBXBuildFile; fileRef = 31FBA1E4245368550011F917 /* FieldError.swift */; };
		31FBA1E724536C320011F917 /* EventDateValidator.swift in Sources */ = {isa = PBXBuildFile; fileRef = 31FBA1E624536C320011F917 /* EventDateValidator.swift */; };
		31FBA1E924539A0A0011F917 /* AmountValidator.swift in Sources */ = {isa = PBXBuildFile; fileRef = 31FBA1E824539A0A0011F917 /* AmountValidator.swift */; };
		31FBA1EB2455CEAF0011F917 /* GroupNameValidator.swift in Sources */ = {isa = PBXBuildFile; fileRef = 31FBA1EA2455CEAF0011F917 /* GroupNameValidator.swift */; };
		31FBA1F42455DFE00011F917 /* FormTextField.swift in Sources */ = {isa = PBXBuildFile; fileRef = 31FBA1F32455DFE00011F917 /* FormTextField.swift */; };
		31FBA1F82458AF150011F917 /* UITextField+ConfigureBottomBorder.swift in Sources */ = {isa = PBXBuildFile; fileRef = 31FBA1F72458AF150011F917 /* UITextField+ConfigureBottomBorder.swift */; };
		31FBA1FA2458BFC70011F917 /* AmountTextField.swift in Sources */ = {isa = PBXBuildFile; fileRef = 31FBA1F92458BFC70011F917 /* AmountTextField.swift */; };
		31FBA1FC245C658D0011F917 /* EventDateTextField.swift in Sources */ = {isa = PBXBuildFile; fileRef = 31FBA1FB245C658D0011F917 /* EventDateTextField.swift */; };
		31FBA1FF245C75F80011F917 /* TexFieldMasker.swift in Sources */ = {isa = PBXBuildFile; fileRef = 31FBA1FE245C75F80011F917 /* TexFieldMasker.swift */; };
		31FBA201245C76870011F917 /* EventDateMasker.swift in Sources */ = {isa = PBXBuildFile; fileRef = 31FBA200245C76870011F917 /* EventDateMasker.swift */; };
		31FBA203245C79330011F917 /* AlphaNumericMasker.swift in Sources */ = {isa = PBXBuildFile; fileRef = 31FBA202245C79330011F917 /* AlphaNumericMasker.swift */; };
		31FBA205245C7B7E0011F917 /* String+Formatter.swift in Sources */ = {isa = PBXBuildFile; fileRef = 31FBA204245C7B7E0011F917 /* String+Formatter.swift */; };
		31FBA207245C7EEF0011F917 /* BaseTextField.swift in Sources */ = {isa = PBXBuildFile; fileRef = 31FBA206245C7EEF0011F917 /* BaseTextField.swift */; };
		31FE9E9A242C2B0B0034368F /* CodeView.swift in Sources */ = {isa = PBXBuildFile; fileRef = 31FE9E99242C2B0B0034368F /* CodeView.swift */; };
		416E45F70D38E5EB91552594 /* Pods_SecretSantaTests.framework in Frameworks */ = {isa = PBXBuildFile; fileRef = DBE66FD438C42FBB2FE57B2A /* Pods_SecretSantaTests.framework */; };
		D031512CB8E1EE5147119B15 /* Pods_SecretSanta.framework in Frameworks */ = {isa = PBXBuildFile; fileRef = 567DDD857D30430AE0B419DD /* Pods_SecretSanta.framework */; };
		D30C3D51172BA5F7781B4C64 /* Pods_SecretSanta_SecretSantaUITests.framework in Frameworks */ = {isa = PBXBuildFile; fileRef = C0661FA2CDAA98626A521D47 /* Pods_SecretSanta_SecretSantaUITests.framework */; };
/* End PBXBuildFile section */

/* Begin PBXContainerItemProxy section */
		31C239772412E6E9008AC51C /* PBXContainerItemProxy */ = {
			isa = PBXContainerItemProxy;
			containerPortal = 31C2395A2412E6E4008AC51C /* Project object */;
			proxyType = 1;
			remoteGlobalIDString = 31C239612412E6E4008AC51C;
			remoteInfo = SecretSanta;
		};
		31C239822412E6E9008AC51C /* PBXContainerItemProxy */ = {
			isa = PBXContainerItemProxy;
			containerPortal = 31C2395A2412E6E4008AC51C /* Project object */;
			proxyType = 1;
			remoteGlobalIDString = 31C239612412E6E4008AC51C;
			remoteInfo = SecretSanta;
		};
/* End PBXContainerItemProxy section */

/* Begin PBXFileReference section */
		078824235CDA5F975CE1D3F5 /* Pods-SecretSanta-SecretSantaUITests.release.xcconfig */ = {isa = PBXFileReference; includeInIndex = 1; lastKnownFileType = text.xcconfig; name = "Pods-SecretSanta-SecretSantaUITests.release.xcconfig"; path = "Target Support Files/Pods-SecretSanta-SecretSantaUITests/Pods-SecretSanta-SecretSantaUITests.release.xcconfig"; sourceTree = "<group>"; };
		1E3CC26B250EB98C00158B27 /* LoginAccountService.swift */ = {isa = PBXFileReference; lastKnownFileType = sourcecode.swift; path = LoginAccountService.swift; sourceTree = "<group>"; };
		1E3CC26D250EBBD600158B27 /* UserLoginViewController.swift */ = {isa = PBXFileReference; lastKnownFileType = sourcecode.swift; path = UserLoginViewController.swift; sourceTree = "<group>"; };
		1E3CC26F250EBD7700158B27 /* UserLoginView.swift */ = {isa = PBXFileReference; lastKnownFileType = sourcecode.swift; path = UserLoginView.swift; sourceTree = "<group>"; };
		1E3CC273250FF08100158B27 /* QuicksandVariableFontwght.ttf */ = {isa = PBXFileReference; lastKnownFileType = file; path = QuicksandVariableFontwght.ttf; sourceTree = "<group>"; };
		1E5E28F724A0F3680077B3E3 /* ParticipantTextField.swift */ = {isa = PBXFileReference; lastKnownFileType = sourcecode.swift; path = ParticipantTextField.swift; sourceTree = "<group>"; };
		1E5E291924A4038B0077B3E3 /* ParticipantInputView.swift */ = {isa = PBXFileReference; lastKnownFileType = sourcecode.swift; path = ParticipantInputView.swift; sourceTree = "<group>"; };
		1E60AA8925093A4C0008C7D3 /* CustomInputView.swift */ = {isa = PBXFileReference; lastKnownFileType = sourcecode.swift; path = CustomInputView.swift; sourceTree = "<group>"; };
		1E60AA8B25093D400008C7D3 /* CustomTextField.swift */ = {isa = PBXFileReference; lastKnownFileType = sourcecode.swift; path = CustomTextField.swift; sourceTree = "<group>"; };
		1E623A352559BF1900F79D7F /* loading-gif.gif */ = {isa = PBXFileReference; lastKnownFileType = image.gif; path = "loading-gif.gif"; sourceTree = "<group>"; };
		1E6E5F1F24C10A36005805FC /* BaseWebService.swift */ = {isa = PBXFileReference; lastKnownFileType = sourcecode.swift; path = BaseWebService.swift; sourceTree = "<group>"; };
		1E6E866824D7435C002D6CAE /* TutorialViewController.swift */ = {isa = PBXFileReference; lastKnownFileType = sourcecode.swift; path = TutorialViewController.swift; sourceTree = "<group>"; };
		1E6E866D24DCDEB5002D6CAE /* CreateUserLoginViewController.swift */ = {isa = PBXFileReference; lastKnownFileType = sourcecode.swift; path = CreateUserLoginViewController.swift; sourceTree = "<group>"; };
		1E6E866F24DCE155002D6CAE /* CreateUserLoginView.swift */ = {isa = PBXFileReference; lastKnownFileType = sourcecode.swift; path = CreateUserLoginView.swift; sourceTree = "<group>"; };
		1E84394224A02B6E0029718E /* ParticipantsViewController.swift */ = {isa = PBXFileReference; lastKnownFileType = sourcecode.swift; path = ParticipantsViewController.swift; sourceTree = "<group>"; };
		1E84394424A02C2C0029718E /* ParticipantsView.swift */ = {isa = PBXFileReference; lastKnownFileType = sourcecode.swift; path = ParticipantsView.swift; sourceTree = "<group>"; };
		1E84394724A039850029718E /* AddParticipantAlertViewController.swift */ = {isa = PBXFileReference; lastKnownFileType = sourcecode.swift; path = AddParticipantAlertViewController.swift; sourceTree = "<group>"; };
		1E84394924A03AE50029718E /* AddParticipantView.swift */ = {isa = PBXFileReference; lastKnownFileType = sourcecode.swift; path = AddParticipantView.swift; sourceTree = "<group>"; };
		1E89552C24E029CC000FAFFE /* CreateAccountService.swift */ = {isa = PBXFileReference; lastKnownFileType = sourcecode.swift; path = CreateAccountService.swift; sourceTree = "<group>"; };
		1EA59E7125558537007B1F6B /* UIImageView+Gif.swift */ = {isa = PBXFileReference; lastKnownFileType = sourcecode.swift; path = "UIImageView+Gif.swift"; sourceTree = "<group>"; };
		1EA9E1B224A91A6600622DEA /* GroupTableViewCell.swift */ = {isa = PBXFileReference; lastKnownFileType = sourcecode.swift; path = GroupTableViewCell.swift; sourceTree = "<group>"; };
		1EF12237254EE779004275E5 /* UIImageView.swift */ = {isa = PBXFileReference; lastKnownFileType = sourcecode.swift; path = UIImageView.swift; sourceTree = "<group>"; };
		3101F992244234FD006D3ED6 /* CreateGroupViewController.swift */ = {isa = PBXFileReference; lastKnownFileType = sourcecode.swift; path = CreateGroupViewController.swift; sourceTree = "<group>"; };
		3101F994244235C5006D3ED6 /* CreateGroupView.swift */ = {isa = PBXFileReference; lastKnownFileType = sourcecode.swift; path = CreateGroupView.swift; sourceTree = "<group>"; };
		3101F99624426CCF006D3ED6 /* WhiteBoxView.swift */ = {isa = PBXFileReference; lastKnownFileType = sourcecode.swift; path = WhiteBoxView.swift; sourceTree = "<group>"; };
		3113CEDB243A7D73001DF8CB /* strings.swift */ = {isa = PBXFileReference; fileEncoding = 4; lastKnownFileType = sourcecode.swift; path = strings.swift; sourceTree = "<group>"; };
		3113CEDC243A7D73001DF8CB /* assets-images.swift */ = {isa = PBXFileReference; fileEncoding = 4; lastKnownFileType = sourcecode.swift; path = "assets-images.swift"; sourceTree = "<group>"; };
		3113CEE7243A9162001DF8CB /* AssetsColors.swift */ = {isa = PBXFileReference; fileEncoding = 4; lastKnownFileType = sourcecode.swift; path = AssetsColors.swift; sourceTree = "<group>"; };
		3113CEE8243A9162001DF8CB /* colors.txt */ = {isa = PBXFileReference; fileEncoding = 4; lastKnownFileType = text; path = colors.txt; sourceTree = "<group>"; };
		3113CEEC243E9AED001DF8CB /* ApplicationCoordinator.swift */ = {isa = PBXFileReference; lastKnownFileType = sourcecode.swift; path = ApplicationCoordinator.swift; sourceTree = "<group>"; };
		3113CEF0243E9B36001DF8CB /* Coordinator.swift */ = {isa = PBXFileReference; lastKnownFileType = sourcecode.swift; path = Coordinator.swift; sourceTree = "<group>"; };
		3113CEF4243E9F3C001DF8CB /* MainCoordinator.swift */ = {isa = PBXFileReference; lastKnownFileType = sourcecode.swift; path = MainCoordinator.swift; sourceTree = "<group>"; };
		3113CEFA243EAB4B001DF8CB /* GroupViewController.swift */ = {isa = PBXFileReference; lastKnownFileType = sourcecode.swift; path = GroupViewController.swift; sourceTree = "<group>"; };
		3113CEFC243EAE02001DF8CB /* GroupView.swift */ = {isa = PBXFileReference; lastKnownFileType = sourcecode.swift; path = GroupView.swift; sourceTree = "<group>"; };
		3113CEFE243EB048001DF8CB /* Localizable.strings */ = {isa = PBXFileReference; lastKnownFileType = text.plist.strings; path = Localizable.strings; sourceTree = "<group>"; };
		3113CF00243EB4BF001DF8CB /* CreateGroupCoordinator.swift */ = {isa = PBXFileReference; lastKnownFileType = sourcecode.swift; path = CreateGroupCoordinator.swift; sourceTree = "<group>"; };
		3113CF03243FF8E2001DF8CB /* CustomButton.swift */ = {isa = PBXFileReference; lastKnownFileType = sourcecode.swift; path = CustomButton.swift; sourceTree = "<group>"; };
		314DC826243A581100CDF881 /* Reachability.swift */ = {isa = PBXFileReference; lastKnownFileType = sourcecode.swift; path = Reachability.swift; sourceTree = "<group>"; };
		314DC828243A601B00CDF881 /* HTTPMethod.swift */ = {isa = PBXFileReference; lastKnownFileType = sourcecode.swift; path = HTTPMethod.swift; sourceTree = "<group>"; };
		315FB8FE24511B6800872A20 /* FormInputView.swift */ = {isa = PBXFileReference; lastKnownFileType = sourcecode.swift; path = FormInputView.swift; sourceTree = "<group>"; };
		316CE74F241F14A500411DDF /* GoogleService-Info.plist */ = {isa = PBXFileReference; fileEncoding = 4; lastKnownFileType = text.plist.xml; path = "GoogleService-Info.plist"; sourceTree = "<group>"; };
		31AB51C92421D5C400018DF6 /* MenuView.swift */ = {isa = PBXFileReference; lastKnownFileType = sourcecode.swift; path = MenuView.swift; sourceTree = "<group>"; };
		31C2244B2482EEFA00675155 /* SegoeUIBoldItalic.ttf */ = {isa = PBXFileReference; lastKnownFileType = file; path = SegoeUIBoldItalic.ttf; sourceTree = "<group>"; };
		31C2244C2482EEFB00675155 /* SegoeUIBold.ttf */ = {isa = PBXFileReference; lastKnownFileType = file; path = SegoeUIBold.ttf; sourceTree = "<group>"; };
		31C2244D2482EEFB00675155 /* SegoeUIItalic.ttf */ = {isa = PBXFileReference; lastKnownFileType = file; path = SegoeUIItalic.ttf; sourceTree = "<group>"; };
		31C2244E2482EEFB00675155 /* SegoeUI.ttf */ = {isa = PBXFileReference; lastKnownFileType = file; path = SegoeUI.ttf; sourceTree = "<group>"; };
		31C224532482F42000675155 /* assets-fonts.swift */ = {isa = PBXFileReference; fileEncoding = 4; lastKnownFileType = sourcecode.swift; path = "assets-fonts.swift"; sourceTree = "<group>"; };
		31C239622412E6E4008AC51C /* SecretSanta.app */ = {isa = PBXFileReference; explicitFileType = wrapper.application; includeInIndex = 0; path = SecretSanta.app; sourceTree = BUILT_PRODUCTS_DIR; };
		31C239652412E6E4008AC51C /* AppDelegate.swift */ = {isa = PBXFileReference; lastKnownFileType = sourcecode.swift; path = AppDelegate.swift; sourceTree = "<group>"; };
		31C239672412E6E4008AC51C /* ViewController.swift */ = {isa = PBXFileReference; lastKnownFileType = sourcecode.swift; path = ViewController.swift; sourceTree = "<group>"; };
		31C2396A2412E6E4008AC51C /* Base */ = {isa = PBXFileReference; lastKnownFileType = file.storyboard; name = Base; path = Base.lproj/Main.storyboard; sourceTree = "<group>"; };
		31C2396C2412E6E9008AC51C /* Assets.xcassets */ = {isa = PBXFileReference; lastKnownFileType = folder.assetcatalog; path = Assets.xcassets; sourceTree = "<group>"; };
		31C2396F2412E6E9008AC51C /* Base */ = {isa = PBXFileReference; lastKnownFileType = file.storyboard; name = Base; path = Base.lproj/LaunchScreen.storyboard; sourceTree = "<group>"; };
		31C239712412E6E9008AC51C /* Info.plist */ = {isa = PBXFileReference; lastKnownFileType = text.plist.xml; path = Info.plist; sourceTree = "<group>"; };
		31C239762412E6E9008AC51C /* SecretSantaTests.xctest */ = {isa = PBXFileReference; explicitFileType = wrapper.cfbundle; includeInIndex = 0; path = SecretSantaTests.xctest; sourceTree = BUILT_PRODUCTS_DIR; };
		31C2397A2412E6E9008AC51C /* SecretSantaTests.swift */ = {isa = PBXFileReference; lastKnownFileType = sourcecode.swift; path = SecretSantaTests.swift; sourceTree = "<group>"; };
		31C2397C2412E6E9008AC51C /* Info.plist */ = {isa = PBXFileReference; lastKnownFileType = text.plist.xml; path = Info.plist; sourceTree = "<group>"; };
		31C239812412E6E9008AC51C /* SecretSantaUITests.xctest */ = {isa = PBXFileReference; explicitFileType = wrapper.cfbundle; includeInIndex = 0; path = SecretSantaUITests.xctest; sourceTree = BUILT_PRODUCTS_DIR; };
		31C239852412E6E9008AC51C /* SecretSantaUITests.swift */ = {isa = PBXFileReference; lastKnownFileType = sourcecode.swift; path = SecretSantaUITests.swift; sourceTree = "<group>"; };
		31C239872412E6E9008AC51C /* Info.plist */ = {isa = PBXFileReference; lastKnownFileType = text.plist.xml; path = Info.plist; sourceTree = "<group>"; };
		31FBA1E02453674E0011F917 /* FieldValidator.swift */ = {isa = PBXFileReference; lastKnownFileType = sourcecode.swift; path = FieldValidator.swift; sourceTree = "<group>"; };
		31FBA1E2245367C80011F917 /* ValidatorResponse.swift */ = {isa = PBXFileReference; lastKnownFileType = sourcecode.swift; path = ValidatorResponse.swift; sourceTree = "<group>"; };
		31FBA1E4245368550011F917 /* FieldError.swift */ = {isa = PBXFileReference; lastKnownFileType = sourcecode.swift; path = FieldError.swift; sourceTree = "<group>"; };
		31FBA1E624536C320011F917 /* EventDateValidator.swift */ = {isa = PBXFileReference; lastKnownFileType = sourcecode.swift; path = EventDateValidator.swift; sourceTree = "<group>"; };
		31FBA1E824539A0A0011F917 /* AmountValidator.swift */ = {isa = PBXFileReference; lastKnownFileType = sourcecode.swift; path = AmountValidator.swift; sourceTree = "<group>"; };
		31FBA1EA2455CEAF0011F917 /* GroupNameValidator.swift */ = {isa = PBXFileReference; lastKnownFileType = sourcecode.swift; path = GroupNameValidator.swift; sourceTree = "<group>"; };
		31FBA1F32455DFE00011F917 /* FormTextField.swift */ = {isa = PBXFileReference; lastKnownFileType = sourcecode.swift; path = FormTextField.swift; sourceTree = "<group>"; };
		31FBA1F72458AF150011F917 /* UITextField+ConfigureBottomBorder.swift */ = {isa = PBXFileReference; lastKnownFileType = sourcecode.swift; path = "UITextField+ConfigureBottomBorder.swift"; sourceTree = "<group>"; };
		31FBA1F92458BFC70011F917 /* AmountTextField.swift */ = {isa = PBXFileReference; lastKnownFileType = sourcecode.swift; path = AmountTextField.swift; sourceTree = "<group>"; };
		31FBA1FB245C658D0011F917 /* EventDateTextField.swift */ = {isa = PBXFileReference; lastKnownFileType = sourcecode.swift; path = EventDateTextField.swift; sourceTree = "<group>"; };
		31FBA1FE245C75F80011F917 /* TexFieldMasker.swift */ = {isa = PBXFileReference; lastKnownFileType = sourcecode.swift; path = TexFieldMasker.swift; sourceTree = "<group>"; };
		31FBA200245C76870011F917 /* EventDateMasker.swift */ = {isa = PBXFileReference; lastKnownFileType = sourcecode.swift; path = EventDateMasker.swift; sourceTree = "<group>"; };
		31FBA202245C79330011F917 /* AlphaNumericMasker.swift */ = {isa = PBXFileReference; lastKnownFileType = sourcecode.swift; path = AlphaNumericMasker.swift; sourceTree = "<group>"; };
		31FBA204245C7B7E0011F917 /* String+Formatter.swift */ = {isa = PBXFileReference; lastKnownFileType = sourcecode.swift; path = "String+Formatter.swift"; sourceTree = "<group>"; };
		31FBA206245C7EEF0011F917 /* BaseTextField.swift */ = {isa = PBXFileReference; lastKnownFileType = sourcecode.swift; path = BaseTextField.swift; sourceTree = "<group>"; };
		31FE9E99242C2B0B0034368F /* CodeView.swift */ = {isa = PBXFileReference; lastKnownFileType = sourcecode.swift; path = CodeView.swift; sourceTree = "<group>"; };
		4C7B7A11AC938DCA0BDA46F0 /* Pods-SecretSanta.debug.xcconfig */ = {isa = PBXFileReference; includeInIndex = 1; lastKnownFileType = text.xcconfig; name = "Pods-SecretSanta.debug.xcconfig"; path = "Target Support Files/Pods-SecretSanta/Pods-SecretSanta.debug.xcconfig"; sourceTree = "<group>"; };
		567DDD857D30430AE0B419DD /* Pods_SecretSanta.framework */ = {isa = PBXFileReference; explicitFileType = wrapper.framework; includeInIndex = 0; path = Pods_SecretSanta.framework; sourceTree = BUILT_PRODUCTS_DIR; };
		613C63F4D913B75BF03213C3 /* Pods-SecretSantaTests.release.xcconfig */ = {isa = PBXFileReference; includeInIndex = 1; lastKnownFileType = text.xcconfig; name = "Pods-SecretSantaTests.release.xcconfig"; path = "Target Support Files/Pods-SecretSantaTests/Pods-SecretSantaTests.release.xcconfig"; sourceTree = "<group>"; };
		71A5F36B81E6B0788D857847 /* Pods-SecretSanta-SecretSantaUITests.debug.xcconfig */ = {isa = PBXFileReference; includeInIndex = 1; lastKnownFileType = text.xcconfig; name = "Pods-SecretSanta-SecretSantaUITests.debug.xcconfig"; path = "Target Support Files/Pods-SecretSanta-SecretSantaUITests/Pods-SecretSanta-SecretSantaUITests.debug.xcconfig"; sourceTree = "<group>"; };
		8BE5D6343CC99BFC4D4E8896 /* Pods-SecretSanta.release.xcconfig */ = {isa = PBXFileReference; includeInIndex = 1; lastKnownFileType = text.xcconfig; name = "Pods-SecretSanta.release.xcconfig"; path = "Target Support Files/Pods-SecretSanta/Pods-SecretSanta.release.xcconfig"; sourceTree = "<group>"; };
		C0661FA2CDAA98626A521D47 /* Pods_SecretSanta_SecretSantaUITests.framework */ = {isa = PBXFileReference; explicitFileType = wrapper.framework; includeInIndex = 0; path = Pods_SecretSanta_SecretSantaUITests.framework; sourceTree = BUILT_PRODUCTS_DIR; };
		DBE66FD438C42FBB2FE57B2A /* Pods_SecretSantaTests.framework */ = {isa = PBXFileReference; explicitFileType = wrapper.framework; includeInIndex = 0; path = Pods_SecretSantaTests.framework; sourceTree = BUILT_PRODUCTS_DIR; };
		F25722D576155D40643D9629 /* Pods-SecretSantaTests.debug.xcconfig */ = {isa = PBXFileReference; includeInIndex = 1; lastKnownFileType = text.xcconfig; name = "Pods-SecretSantaTests.debug.xcconfig"; path = "Target Support Files/Pods-SecretSantaTests/Pods-SecretSantaTests.debug.xcconfig"; sourceTree = "<group>"; };
/* End PBXFileReference section */

/* Begin PBXFrameworksBuildPhase section */
		31C2395F2412E6E4008AC51C /* Frameworks */ = {
			isa = PBXFrameworksBuildPhase;
			buildActionMask = 2147483647;
			files = (
				D031512CB8E1EE5147119B15 /* Pods_SecretSanta.framework in Frameworks */,
			);
			runOnlyForDeploymentPostprocessing = 0;
		};
		31C239732412E6E9008AC51C /* Frameworks */ = {
			isa = PBXFrameworksBuildPhase;
			buildActionMask = 2147483647;
			files = (
				416E45F70D38E5EB91552594 /* Pods_SecretSantaTests.framework in Frameworks */,
			);
			runOnlyForDeploymentPostprocessing = 0;
		};
		31C2397E2412E6E9008AC51C /* Frameworks */ = {
			isa = PBXFrameworksBuildPhase;
			buildActionMask = 2147483647;
			files = (
				D30C3D51172BA5F7781B4C64 /* Pods_SecretSanta_SecretSantaUITests.framework in Frameworks */,
			);
			runOnlyForDeploymentPostprocessing = 0;
		};
/* End PBXFrameworksBuildPhase section */

/* Begin PBXGroup section */
		1E3CC26A250EB95800158B27 /* UserLogin */ = {
			isa = PBXGroup;
			children = (
				1E3CC26D250EBBD600158B27 /* UserLoginViewController.swift */,
				1E3CC26F250EBD7700158B27 /* UserLoginView.swift */,
			);
			path = UserLogin;
			sourceTree = "<group>";
		};
		1E6E866724D74319002D6CAE /* Tutorial */ = {
			isa = PBXGroup;
			children = (
				1E6E866824D7435C002D6CAE /* TutorialViewController.swift */,
			);
			path = Tutorial;
			sourceTree = "<group>";
		};
		1E6E866C24DCDE8A002D6CAE /* CreateUserLogin */ = {
			isa = PBXGroup;
			children = (
				1E6E866D24DCDEB5002D6CAE /* CreateUserLoginViewController.swift */,
				1E6E866F24DCE155002D6CAE /* CreateUserLoginView.swift */,
			);
			path = CreateUserLogin;
			sourceTree = "<group>";
		};
		1E84394124A02ABD0029718E /* ParticipantsView */ = {
			isa = PBXGroup;
			children = (
				1E84394224A02B6E0029718E /* ParticipantsViewController.swift */,
				1E84394424A02C2C0029718E /* ParticipantsView.swift */,
			);
			path = ParticipantsView;
			sourceTree = "<group>";
		};
		1E84394624A039420029718E /* AddParticipants */ = {
			isa = PBXGroup;
			children = (
				1E84394724A039850029718E /* AddParticipantAlertViewController.swift */,
				1E84394924A03AE50029718E /* AddParticipantView.swift */,
			);
			path = AddParticipants;
			sourceTree = "<group>";
		};
		1EA59E7625558564007B1F6B /* Gifs */ = {
			isa = PBXGroup;
			children = (
				1E623A352559BF1900F79D7F /* loading-gif.gif */,
			);
			path = Gifs;
			sourceTree = "<group>";
		};
		1EA9E1B124A91A2D00622DEA /* GroupViewCell */ = {
			isa = PBXGroup;
			children = (
				1EA9E1B224A91A6600622DEA /* GroupTableViewCell.swift */,
			);
			path = GroupViewCell;
			sourceTree = "<group>";
		};
		2D8F766882DC3CE5F543462D /* Pods */ = {
			isa = PBXGroup;
			children = (
				4C7B7A11AC938DCA0BDA46F0 /* Pods-SecretSanta.debug.xcconfig */,
				8BE5D6343CC99BFC4D4E8896 /* Pods-SecretSanta.release.xcconfig */,
				71A5F36B81E6B0788D857847 /* Pods-SecretSanta-SecretSantaUITests.debug.xcconfig */,
				078824235CDA5F975CE1D3F5 /* Pods-SecretSanta-SecretSantaUITests.release.xcconfig */,
				F25722D576155D40643D9629 /* Pods-SecretSantaTests.debug.xcconfig */,
				613C63F4D913B75BF03213C3 /* Pods-SecretSantaTests.release.xcconfig */,
			);
			path = Pods;
			sourceTree = "<group>";
		};
		3101F991244234D7006D3ED6 /* GroupView */ = {
			isa = PBXGroup;
			children = (
				1EA9E1B124A91A2D00622DEA /* GroupViewCell */,
				3113CEFA243EAB4B001DF8CB /* GroupViewController.swift */,
				3113CEFC243EAE02001DF8CB /* GroupView.swift */,
			);
			path = GroupView;
			sourceTree = "<group>";
		};
		3113CED4243A6171001DF8CB /* Components */ = {
			isa = PBXGroup;
			children = (
				1E3CC26A250EB95800158B27 /* UserLogin */,
				1E6E866C24DCDE8A002D6CAE /* CreateUserLogin */,
				1E6E866724D74319002D6CAE /* Tutorial */,
				1E84394624A039420029718E /* AddParticipants */,
				1E84394124A02ABD0029718E /* ParticipantsView */,
				3101F991244234D7006D3ED6 /* GroupView */,
				3113CEF9243EAAB9001DF8CB /* CreateGroupView */,
				3113CED7243A6233001DF8CB /* Splash */,
			);
			path = Components;
			sourceTree = "<group>";
		};
		3113CED7243A6233001DF8CB /* Splash */ = {
			isa = PBXGroup;
			children = (
				3113CEF4243E9F3C001DF8CB /* MainCoordinator.swift */,
			);
			path = Splash;
			sourceTree = "<group>";
		};
		3113CEDA243A7703001DF8CB /* SwiftGen */ = {
			isa = PBXGroup;
			children = (
				31C224532482F42000675155 /* assets-fonts.swift */,
				3113CEE7243A9162001DF8CB /* AssetsColors.swift */,
				3113CEE8243A9162001DF8CB /* colors.txt */,
				3113CEDC243A7D73001DF8CB /* assets-images.swift */,
				3113CEDB243A7D73001DF8CB /* strings.swift */,
				3113CEFE243EB048001DF8CB /* Localizable.strings */,
			);
			path = SwiftGen;
			sourceTree = "<group>";
		};
		3113CEEB243E9A4C001DF8CB /* Coordinator */ = {
			isa = PBXGroup;
			children = (
				3113CEEC243E9AED001DF8CB /* ApplicationCoordinator.swift */,
				3113CEF0243E9B36001DF8CB /* Coordinator.swift */,
			);
			path = Coordinator;
			sourceTree = "<group>";
		};
		3113CEF9243EAAB9001DF8CB /* CreateGroupView */ = {
			isa = PBXGroup;
			children = (
				3101F99624426CCF006D3ED6 /* WhiteBoxView.swift */,
				3113CF00243EB4BF001DF8CB /* CreateGroupCoordinator.swift */,
				3101F992244234FD006D3ED6 /* CreateGroupViewController.swift */,
				3101F994244235C5006D3ED6 /* CreateGroupView.swift */,
			);
			path = CreateGroupView;
			sourceTree = "<group>";
		};
		314DC825243A52EA00CDF881 /* Service */ = {
			isa = PBXGroup;
			children = (
				314DC826243A581100CDF881 /* Reachability.swift */,
				314DC828243A601B00CDF881 /* HTTPMethod.swift */,
				1E6E5F1F24C10A36005805FC /* BaseWebService.swift */,
				1E89552C24E029CC000FAFFE /* CreateAccountService.swift */,
				1E3CC26B250EB98C00158B27 /* LoginAccountService.swift */,
			);
			path = Service;
			sourceTree = "<group>";
		};
		314DC82A243A60F500CDF881 /* Utils */ = {
			isa = PBXGroup;
			children = (
				31FBA1FD245C75D00011F917 /* TextFieldMask */,
				31FBA1DF245367320011F917 /* Validator */,
				31FBA1DE245367290011F917 /* View */,
			);
			path = Utils;
			sourceTree = "<group>";
		};
		314DC82B243A611D00CDF881 /* Views */ = {
			isa = PBXGroup;
			children = (
				31FBA1F22455DF8E0011F917 /* UITextField */,
				31FBA1ED2455D76A0011F917 /* Custom */,
				31FBA1EC2455D75B0011F917 /* Buttons */,
			);
			path = Views;
			sourceTree = "<group>";
		};
		315FB9002453664400872A20 /* Configuration */ = {
			isa = PBXGroup;
			children = (
				31FBA1E2245367C80011F917 /* ValidatorResponse.swift */,
				31FBA1E4245368550011F917 /* FieldError.swift */,
				31FBA1E624536C320011F917 /* EventDateValidator.swift */,
				31FBA1E824539A0A0011F917 /* AmountValidator.swift */,
				31FBA1EA2455CEAF0011F917 /* GroupNameValidator.swift */,
			);
			path = Configuration;
			sourceTree = "<group>";
		};
		31C239592412E6E4008AC51C = {
			isa = PBXGroup;
			children = (
				31C239642412E6E4008AC51C /* SecretSanta */,
				31C239792412E6E9008AC51C /* SecretSantaTests */,
				31C239842412E6E9008AC51C /* SecretSantaUITests */,
				31C239632412E6E4008AC51C /* Products */,
				2D8F766882DC3CE5F543462D /* Pods */,
				A0159536A99921EBC0A0CD7F /* Frameworks */,
			);
			sourceTree = "<group>";
		};
		31C239632412E6E4008AC51C /* Products */ = {
			isa = PBXGroup;
			children = (
				31C239622412E6E4008AC51C /* SecretSanta.app */,
				31C239762412E6E9008AC51C /* SecretSantaTests.xctest */,
				31C239812412E6E9008AC51C /* SecretSantaUITests.xctest */,
			);
			name = Products;
			sourceTree = "<group>";
		};
		31C239642412E6E4008AC51C /* SecretSanta */ = {
			isa = PBXGroup;
			children = (
				31FBA1F52458AEDB0011F917 /* Extensions */,
				31FBA1F02455DCE20011F917 /* Resources */,
				314DC82B243A611D00CDF881 /* Views */,
				3113CEEB243E9A4C001DF8CB /* Coordinator */,
				31C2396C2412E6E9008AC51C /* Assets.xcassets */,
				3113CEDA243A7703001DF8CB /* SwiftGen */,
				3113CED4243A6171001DF8CB /* Components */,
				314DC82A243A60F500CDF881 /* Utils */,
				314DC825243A52EA00CDF881 /* Service */,
				316CE74F241F14A500411DDF /* GoogleService-Info.plist */,
				31C239652412E6E4008AC51C /* AppDelegate.swift */,
				31C239672412E6E4008AC51C /* ViewController.swift */,
				31C239692412E6E4008AC51C /* Main.storyboard */,
				31C2396E2412E6E9008AC51C /* LaunchScreen.storyboard */,
				31C239712412E6E9008AC51C /* Info.plist */,
				31AB51C92421D5C400018DF6 /* MenuView.swift */,
			);
			path = SecretSanta;
			sourceTree = "<group>";
		};
		31C239792412E6E9008AC51C /* SecretSantaTests */ = {
			isa = PBXGroup;
			children = (
				31C2397A2412E6E9008AC51C /* SecretSantaTests.swift */,
				31C2397C2412E6E9008AC51C /* Info.plist */,
			);
			path = SecretSantaTests;
			sourceTree = "<group>";
		};
		31C239842412E6E9008AC51C /* SecretSantaUITests */ = {
			isa = PBXGroup;
			children = (
				31C239852412E6E9008AC51C /* SecretSantaUITests.swift */,
				31C239872412E6E9008AC51C /* Info.plist */,
			);
			path = SecretSantaUITests;
			sourceTree = "<group>";
		};
		31FBA1DE245367290011F917 /* View */ = {
			isa = PBXGroup;
			children = (
				31FE9E99242C2B0B0034368F /* CodeView.swift */,
			);
			path = View;
			sourceTree = "<group>";
		};
		31FBA1DF245367320011F917 /* Validator */ = {
			isa = PBXGroup;
			children = (
				315FB9002453664400872A20 /* Configuration */,
				31FBA1E02453674E0011F917 /* FieldValidator.swift */,
			);
			path = Validator;
			sourceTree = "<group>";
		};
		31FBA1EC2455D75B0011F917 /* Buttons */ = {
			isa = PBXGroup;
			children = (
				3113CF03243FF8E2001DF8CB /* CustomButton.swift */,
			);
			path = Buttons;
			sourceTree = "<group>";
		};
		31FBA1ED2455D76A0011F917 /* Custom */ = {
			isa = PBXGroup;
			children = (
				315FB8FE24511B6800872A20 /* FormInputView.swift */,
				1E5E291924A4038B0077B3E3 /* ParticipantInputView.swift */,
				1E60AA8925093A4C0008C7D3 /* CustomInputView.swift */,
			);
			path = Custom;
			sourceTree = "<group>";
		};
		31FBA1F02455DCE20011F917 /* Resources */ = {
			isa = PBXGroup;
			children = (
				1EA59E7625558564007B1F6B /* Gifs */,
				31FBA1F12455DCF60011F917 /* Fonts */,
			);
			path = Resources;
			sourceTree = "<group>";
		};
		31FBA1F12455DCF60011F917 /* Fonts */ = {
			isa = PBXGroup;
			children = (
				31C2244B2482EEFA00675155 /* SegoeUIBoldItalic.ttf */,
				31C2244C2482EEFB00675155 /* SegoeUIBold.ttf */,
				31C2244D2482EEFB00675155 /* SegoeUIItalic.ttf */,
				1E3CC273250FF08100158B27 /* QuicksandVariableFontwght.ttf */,
				31C2244E2482EEFB00675155 /* SegoeUI.ttf */,
			);
			path = Fonts;
			sourceTree = "<group>";
		};
		31FBA1F22455DF8E0011F917 /* UITextField */ = {
			isa = PBXGroup;
			children = (
				31FBA1F32455DFE00011F917 /* FormTextField.swift */,
				31FBA1F92458BFC70011F917 /* AmountTextField.swift */,
				31FBA1FB245C658D0011F917 /* EventDateTextField.swift */,
				31FBA206245C7EEF0011F917 /* BaseTextField.swift */,
				1E5E28F724A0F3680077B3E3 /* ParticipantTextField.swift */,
				1E60AA8B25093D400008C7D3 /* CustomTextField.swift */,
			);
			path = UITextField;
			sourceTree = "<group>";
		};
		31FBA1F52458AEDB0011F917 /* Extensions */ = {
			isa = PBXGroup;
			children = (
				31FBA208245C81AB0011F917 /* Formatter */,
				31FBA1F62458AEEE0011F917 /* View */,
			);
			path = Extensions;
			sourceTree = "<group>";
		};
		31FBA1F62458AEEE0011F917 /* View */ = {
			isa = PBXGroup;
			children = (
				31FBA1F72458AF150011F917 /* UITextField+ConfigureBottomBorder.swift */,
				1EF12237254EE779004275E5 /* UIImageView.swift */,
				1EA59E7125558537007B1F6B /* UIImageView+Gif.swift */,
			);
			path = View;
			sourceTree = "<group>";
		};
		31FBA1FD245C75D00011F917 /* TextFieldMask */ = {
			isa = PBXGroup;
			children = (
				31FBA1FE245C75F80011F917 /* TexFieldMasker.swift */,
				31FBA200245C76870011F917 /* EventDateMasker.swift */,
				31FBA202245C79330011F917 /* AlphaNumericMasker.swift */,
			);
			path = TextFieldMask;
			sourceTree = "<group>";
		};
		31FBA208245C81AB0011F917 /* Formatter */ = {
			isa = PBXGroup;
			children = (
				31FBA204245C7B7E0011F917 /* String+Formatter.swift */,
			);
			path = Formatter;
			sourceTree = "<group>";
		};
		A0159536A99921EBC0A0CD7F /* Frameworks */ = {
			isa = PBXGroup;
			children = (
				567DDD857D30430AE0B419DD /* Pods_SecretSanta.framework */,
				C0661FA2CDAA98626A521D47 /* Pods_SecretSanta_SecretSantaUITests.framework */,
				DBE66FD438C42FBB2FE57B2A /* Pods_SecretSantaTests.framework */,
			);
			name = Frameworks;
			sourceTree = "<group>";
		};
/* End PBXGroup section */

/* Begin PBXNativeTarget section */
		31C239612412E6E4008AC51C /* SecretSanta */ = {
			isa = PBXNativeTarget;
			buildConfigurationList = 31C2398A2412E6E9008AC51C /* Build configuration list for PBXNativeTarget "SecretSanta" */;
			buildPhases = (
				CC3D19521BC081B802C23677 /* [CP] Check Pods Manifest.lock */,
				31C2395E2412E6E4008AC51C /* Sources */,
				31C2395F2412E6E4008AC51C /* Frameworks */,
				31C239602412E6E4008AC51C /* Resources */,
				98A89DBD68C9104F2074CF02 /* [CP] Embed Pods Frameworks */,
				9CABE1C4411E161ECEAC12B6 /* [CP] Copy Pods Resources */,
				3113CEE6243A8F2F001DF8CB /* SwiftGen */,
				1E3CC269250BFE8D00158B27 /* ShellScript */,
				1E27728B2521047800D558B4 /* ShellScript */,
			);
			buildRules = (
			);
			dependencies = (
			);
			name = SecretSanta;
			productName = SecretSanta;
			productReference = 31C239622412E6E4008AC51C /* SecretSanta.app */;
			productType = "com.apple.product-type.application";
		};
		31C239752412E6E9008AC51C /* SecretSantaTests */ = {
			isa = PBXNativeTarget;
			buildConfigurationList = 31C2398D2412E6E9008AC51C /* Build configuration list for PBXNativeTarget "SecretSantaTests" */;
			buildPhases = (
				8F7A008F9AAF47EA88D1986A /* [CP] Check Pods Manifest.lock */,
				31C239722412E6E9008AC51C /* Sources */,
				31C239732412E6E9008AC51C /* Frameworks */,
				31C239742412E6E9008AC51C /* Resources */,
			);
			buildRules = (
			);
			dependencies = (
				31C239782412E6E9008AC51C /* PBXTargetDependency */,
			);
			name = SecretSantaTests;
			productName = SecretSantaTests;
			productReference = 31C239762412E6E9008AC51C /* SecretSantaTests.xctest */;
			productType = "com.apple.product-type.bundle.unit-test";
		};
		31C239802412E6E9008AC51C /* SecretSantaUITests */ = {
			isa = PBXNativeTarget;
			buildConfigurationList = 31C239902412E6E9008AC51C /* Build configuration list for PBXNativeTarget "SecretSantaUITests" */;
			buildPhases = (
				CA81C7F36E410CDCAC077C5C /* [CP] Check Pods Manifest.lock */,
				31C2397D2412E6E9008AC51C /* Sources */,
				31C2397E2412E6E9008AC51C /* Frameworks */,
				31C2397F2412E6E9008AC51C /* Resources */,
				0F6633A6A28592C26E665058 /* [CP] Embed Pods Frameworks */,
				121AA49C17E57DC10AC85DB6 /* [CP] Copy Pods Resources */,
			);
			buildRules = (
			);
			dependencies = (
				31C239832412E6E9008AC51C /* PBXTargetDependency */,
			);
			name = SecretSantaUITests;
			productName = SecretSantaUITests;
			productReference = 31C239812412E6E9008AC51C /* SecretSantaUITests.xctest */;
			productType = "com.apple.product-type.bundle.ui-testing";
		};
/* End PBXNativeTarget section */

/* Begin PBXProject section */
		31C2395A2412E6E4008AC51C /* Project object */ = {
			isa = PBXProject;
			attributes = {
				LastSwiftUpdateCheck = 1020;
				LastUpgradeCheck = 1020;
				ORGANIZATIONNAME = "Camila Luisa Farias de Lima";
				TargetAttributes = {
					31C239612412E6E4008AC51C = {
						CreatedOnToolsVersion = 10.2.1;
					};
					31C239752412E6E9008AC51C = {
						CreatedOnToolsVersion = 10.2.1;
						TestTargetID = 31C239612412E6E4008AC51C;
					};
					31C239802412E6E9008AC51C = {
						CreatedOnToolsVersion = 10.2.1;
						TestTargetID = 31C239612412E6E4008AC51C;
					};
				};
			};
			buildConfigurationList = 31C2395D2412E6E4008AC51C /* Build configuration list for PBXProject "SecretSanta" */;
			compatibilityVersion = "Xcode 9.3";
			developmentRegion = en;
			hasScannedForEncodings = 0;
			knownRegions = (
				en,
				Base,
			);
			mainGroup = 31C239592412E6E4008AC51C;
			productRefGroup = 31C239632412E6E4008AC51C /* Products */;
			projectDirPath = "";
			projectRoot = "";
			targets = (
				31C239612412E6E4008AC51C /* SecretSanta */,
				31C239752412E6E9008AC51C /* SecretSantaTests */,
				31C239802412E6E9008AC51C /* SecretSantaUITests */,
			);
		};
/* End PBXProject section */

/* Begin PBXResourcesBuildPhase section */
		31C239602412E6E4008AC51C /* Resources */ = {
			isa = PBXResourcesBuildPhase;
			buildActionMask = 2147483647;
			files = (
				3113CEEA243A9162001DF8CB /* colors.txt in Resources */,
				31C239702412E6E9008AC51C /* LaunchScreen.storyboard in Resources */,
				31C224512482EEFB00675155 /* SegoeUIItalic.ttf in Resources */,
				316CE750241F14A600411DDF /* GoogleService-Info.plist in Resources */,
				1E623A362559BF1900F79D7F /* loading-gif.gif in Resources */,
				3113CEFF243EB048001DF8CB /* Localizable.strings in Resources */,
				31C2396D2412E6E9008AC51C /* Assets.xcassets in Resources */,
				1E3CC274250FF08100158B27 /* QuicksandVariableFontwght.ttf in Resources */,
				31C2244F2482EEFB00675155 /* SegoeUIBoldItalic.ttf in Resources */,
				31C224522482EEFB00675155 /* SegoeUI.ttf in Resources */,
				31C2396B2412E6E4008AC51C /* Main.storyboard in Resources */,
				31C224502482EEFB00675155 /* SegoeUIBold.ttf in Resources */,
			);
			runOnlyForDeploymentPostprocessing = 0;
		};
		31C239742412E6E9008AC51C /* Resources */ = {
			isa = PBXResourcesBuildPhase;
			buildActionMask = 2147483647;
			files = (
			);
			runOnlyForDeploymentPostprocessing = 0;
		};
		31C2397F2412E6E9008AC51C /* Resources */ = {
			isa = PBXResourcesBuildPhase;
			buildActionMask = 2147483647;
			files = (
			);
			runOnlyForDeploymentPostprocessing = 0;
		};
/* End PBXResourcesBuildPhase section */

/* Begin PBXShellScriptBuildPhase section */
		0F6633A6A28592C26E665058 /* [CP] Embed Pods Frameworks */ = {
			isa = PBXShellScriptBuildPhase;
			buildActionMask = 2147483647;
			files = (
			);
			inputFileListPaths = (
				"${PODS_ROOT}/Target Support Files/Pods-SecretSanta-SecretSantaUITests/Pods-SecretSanta-SecretSantaUITests-frameworks-${CONFIGURATION}-input-files.xcfilelist",
			);
			name = "[CP] Embed Pods Frameworks";
			outputFileListPaths = (
				"${PODS_ROOT}/Target Support Files/Pods-SecretSanta-SecretSantaUITests/Pods-SecretSanta-SecretSantaUITests-frameworks-${CONFIGURATION}-output-files.xcfilelist",
			);
			runOnlyForDeploymentPostprocessing = 0;
			shellPath = /bin/sh;
			shellScript = "\"${PODS_ROOT}/Target Support Files/Pods-SecretSanta-SecretSantaUITests/Pods-SecretSanta-SecretSantaUITests-frameworks.sh\"\n";
			showEnvVarsInLog = 0;
		};
		121AA49C17E57DC10AC85DB6 /* [CP] Copy Pods Resources */ = {
			isa = PBXShellScriptBuildPhase;
			buildActionMask = 2147483647;
			files = (
			);
			inputFileListPaths = (
				"${PODS_ROOT}/Target Support Files/Pods-SecretSanta-SecretSantaUITests/Pods-SecretSanta-SecretSantaUITests-resources-${CONFIGURATION}-input-files.xcfilelist",
			);
			name = "[CP] Copy Pods Resources";
			outputFileListPaths = (
				"${PODS_ROOT}/Target Support Files/Pods-SecretSanta-SecretSantaUITests/Pods-SecretSanta-SecretSantaUITests-resources-${CONFIGURATION}-output-files.xcfilelist",
			);
			runOnlyForDeploymentPostprocessing = 0;
			shellPath = /bin/sh;
			shellScript = "\"${PODS_ROOT}/Target Support Files/Pods-SecretSanta-SecretSantaUITests/Pods-SecretSanta-SecretSantaUITests-resources.sh\"\n";
			showEnvVarsInLog = 0;
		};
		1E27728B2521047800D558B4 /* ShellScript */ = {
			isa = PBXShellScriptBuildPhase;
			buildActionMask = 2147483647;
			files = (
			);
			inputFileListPaths = (
			);
			inputPaths = (
			);
			outputFileListPaths = (
			);
			outputPaths = (
			);
			runOnlyForDeploymentPostprocessing = 0;
			shellPath = /bin/sh;
			shellScript = "# Type a script or drag a script file from your workspace to insert its path.\n";
		};
		1E3CC269250BFE8D00158B27 /* ShellScript */ = {
			isa = PBXShellScriptBuildPhase;
			buildActionMask = 2147483647;
			files = (
			);
			inputFileListPaths = (
			);
			inputPaths = (
			);
			outputFileListPaths = (
			);
			outputPaths = (
			);
			runOnlyForDeploymentPostprocessing = 0;
			shellPath = /bin/sh;
			shellScript = "# Type a script or drag a script file from your workspace to insert its path.\nif which swiftlint >/dev/null; then\nswiftlint\nelse\necho \"warning: SwiftLint not installed, download from https://github.com/realm/SwiftLint\"\nfi\n";
		};
		3113CEE6243A8F2F001DF8CB /* SwiftGen */ = {
			isa = PBXShellScriptBuildPhase;
			buildActionMask = 2147483647;
			files = (
			);
			inputFileListPaths = (
			);
			inputPaths = (
			);
			name = SwiftGen;
			outputFileListPaths = (
			);
			outputPaths = (
			);
			runOnlyForDeploymentPostprocessing = 0;
			shellPath = /bin/sh;
			shellScript = "# Type a script or drag a script file from your workspace to insert its path.\n";
		};
		8F7A008F9AAF47EA88D1986A /* [CP] Check Pods Manifest.lock */ = {
			isa = PBXShellScriptBuildPhase;
			buildActionMask = 2147483647;
			files = (
			);
			inputFileListPaths = (
			);
			inputPaths = (
				"${PODS_PODFILE_DIR_PATH}/Podfile.lock",
				"${PODS_ROOT}/Manifest.lock",
			);
			name = "[CP] Check Pods Manifest.lock";
			outputFileListPaths = (
			);
			outputPaths = (
				"$(DERIVED_FILE_DIR)/Pods-SecretSantaTests-checkManifestLockResult.txt",
			);
			runOnlyForDeploymentPostprocessing = 0;
			shellPath = /bin/sh;
			shellScript = "diff \"${PODS_PODFILE_DIR_PATH}/Podfile.lock\" \"${PODS_ROOT}/Manifest.lock\" > /dev/null\nif [ $? != 0 ] ; then\n    # print error to STDERR\n    echo \"error: The sandbox is not in sync with the Podfile.lock. Run 'pod install' or update your CocoaPods installation.\" >&2\n    exit 1\nfi\n# This output is used by Xcode 'outputs' to avoid re-running this script phase.\necho \"SUCCESS\" > \"${SCRIPT_OUTPUT_FILE_0}\"\n";
			showEnvVarsInLog = 0;
		};
		98A89DBD68C9104F2074CF02 /* [CP] Embed Pods Frameworks */ = {
			isa = PBXShellScriptBuildPhase;
			buildActionMask = 2147483647;
			files = (
			);
			inputFileListPaths = (
				"${PODS_ROOT}/Target Support Files/Pods-SecretSanta/Pods-SecretSanta-frameworks-${CONFIGURATION}-input-files.xcfilelist",
			);
			name = "[CP] Embed Pods Frameworks";
			outputFileListPaths = (
				"${PODS_ROOT}/Target Support Files/Pods-SecretSanta/Pods-SecretSanta-frameworks-${CONFIGURATION}-output-files.xcfilelist",
			);
			runOnlyForDeploymentPostprocessing = 0;
			shellPath = /bin/sh;
			shellScript = "\"${PODS_ROOT}/Target Support Files/Pods-SecretSanta/Pods-SecretSanta-frameworks.sh\"\n";
			showEnvVarsInLog = 0;
		};
		9CABE1C4411E161ECEAC12B6 /* [CP] Copy Pods Resources */ = {
			isa = PBXShellScriptBuildPhase;
			buildActionMask = 2147483647;
			files = (
			);
			inputFileListPaths = (
				"${PODS_ROOT}/Target Support Files/Pods-SecretSanta/Pods-SecretSanta-resources-${CONFIGURATION}-input-files.xcfilelist",
			);
			name = "[CP] Copy Pods Resources";
			outputFileListPaths = (
				"${PODS_ROOT}/Target Support Files/Pods-SecretSanta/Pods-SecretSanta-resources-${CONFIGURATION}-output-files.xcfilelist",
			);
			runOnlyForDeploymentPostprocessing = 0;
			shellPath = /bin/sh;
			shellScript = "\"${PODS_ROOT}/Target Support Files/Pods-SecretSanta/Pods-SecretSanta-resources.sh\"\n";
			showEnvVarsInLog = 0;
		};
		CA81C7F36E410CDCAC077C5C /* [CP] Check Pods Manifest.lock */ = {
			isa = PBXShellScriptBuildPhase;
			buildActionMask = 2147483647;
			files = (
			);
			inputFileListPaths = (
			);
			inputPaths = (
				"${PODS_PODFILE_DIR_PATH}/Podfile.lock",
				"${PODS_ROOT}/Manifest.lock",
			);
			name = "[CP] Check Pods Manifest.lock";
			outputFileListPaths = (
			);
			outputPaths = (
				"$(DERIVED_FILE_DIR)/Pods-SecretSanta-SecretSantaUITests-checkManifestLockResult.txt",
			);
			runOnlyForDeploymentPostprocessing = 0;
			shellPath = /bin/sh;
			shellScript = "diff \"${PODS_PODFILE_DIR_PATH}/Podfile.lock\" \"${PODS_ROOT}/Manifest.lock\" > /dev/null\nif [ $? != 0 ] ; then\n    # print error to STDERR\n    echo \"error: The sandbox is not in sync with the Podfile.lock. Run 'pod install' or update your CocoaPods installation.\" >&2\n    exit 1\nfi\n# This output is used by Xcode 'outputs' to avoid re-running this script phase.\necho \"SUCCESS\" > \"${SCRIPT_OUTPUT_FILE_0}\"\n";
			showEnvVarsInLog = 0;
		};
		CC3D19521BC081B802C23677 /* [CP] Check Pods Manifest.lock */ = {
			isa = PBXShellScriptBuildPhase;
			buildActionMask = 2147483647;
			files = (
			);
			inputFileListPaths = (
			);
			inputPaths = (
				"${PODS_PODFILE_DIR_PATH}/Podfile.lock",
				"${PODS_ROOT}/Manifest.lock",
			);
			name = "[CP] Check Pods Manifest.lock";
			outputFileListPaths = (
			);
			outputPaths = (
				"$(DERIVED_FILE_DIR)/Pods-SecretSanta-checkManifestLockResult.txt",
			);
			runOnlyForDeploymentPostprocessing = 0;
			shellPath = /bin/sh;
			shellScript = "diff \"${PODS_PODFILE_DIR_PATH}/Podfile.lock\" \"${PODS_ROOT}/Manifest.lock\" > /dev/null\nif [ $? != 0 ] ; then\n    # print error to STDERR\n    echo \"error: The sandbox is not in sync with the Podfile.lock. Run 'pod install' or update your CocoaPods installation.\" >&2\n    exit 1\nfi\n# This output is used by Xcode 'outputs' to avoid re-running this script phase.\necho \"SUCCESS\" > \"${SCRIPT_OUTPUT_FILE_0}\"\n";
			showEnvVarsInLog = 0;
		};
/* End PBXShellScriptBuildPhase section */

/* Begin PBXSourcesBuildPhase section */
		31C2395E2412E6E4008AC51C /* Sources */ = {
			isa = PBXSourcesBuildPhase;
			buildActionMask = 2147483647;
			files = (
				1E84394A24A03AE50029718E /* AddParticipantView.swift in Sources */,
				1E3CC26E250EBBD600158B27 /* UserLoginViewController.swift in Sources */,
				3113CF01243EB4BF001DF8CB /* CreateGroupCoordinator.swift in Sources */,
				3113CEDE243A7D73001DF8CB /* assets-images.swift in Sources */,
				1E5E28F824A0F3680077B3E3 /* ParticipantTextField.swift in Sources */,
				3113CEE9243A9162001DF8CB /* AssetsColors.swift in Sources */,
				31FBA1FF245C75F80011F917 /* TexFieldMasker.swift in Sources */,
				1E84394524A02C2C0029718E /* ParticipantsView.swift in Sources */,
				31FBA207245C7EEF0011F917 /* BaseTextField.swift in Sources */,
				1E3CC270250EBD7700158B27 /* UserLoginView.swift in Sources */,
				3113CEFD243EAE02001DF8CB /* GroupView.swift in Sources */,
				3113CEF1243E9B36001DF8CB /* Coordinator.swift in Sources */,
				1E6E866924D7435C002D6CAE /* TutorialViewController.swift in Sources */,
				1E6E5F2024C10A36005805FC /* BaseWebService.swift in Sources */,
				3113CF04243FF8E2001DF8CB /* CustomButton.swift in Sources */,
				31FBA1E724536C320011F917 /* EventDateValidator.swift in Sources */,
				31FBA1F82458AF150011F917 /* UITextField+ConfigureBottomBorder.swift in Sources */,
				31FBA1FA2458BFC70011F917 /* AmountTextField.swift in Sources */,
				31FBA1EB2455CEAF0011F917 /* GroupNameValidator.swift in Sources */,
				31FBA201245C76870011F917 /* EventDateMasker.swift in Sources */,
				31C239682412E6E4008AC51C /* ViewController.swift in Sources */,
				3101F99724426CCF006D3ED6 /* WhiteBoxView.swift in Sources */,
				1E89552D24E029CC000FAFFE /* CreateAccountService.swift in Sources */,
				315FB8FF24511B6800872A20 /* FormInputView.swift in Sources */,
				31FBA1E12453674E0011F917 /* FieldValidator.swift in Sources */,
				1E3CC26C250EB98C00158B27 /* LoginAccountService.swift in Sources */,
				31AB51CA2421D5C400018DF6 /* MenuView.swift in Sources */,
				314DC829243A601B00CDF881 /* HTTPMethod.swift in Sources */,
				1EF12238254EE779004275E5 /* UIImageView.swift in Sources */,
				31FBA205245C7B7E0011F917 /* String+Formatter.swift in Sources */,
				31C239662412E6E4008AC51C /* AppDelegate.swift in Sources */,
				3113CEDD243A7D73001DF8CB /* strings.swift in Sources */,
				1E60AA8A25093A4C0008C7D3 /* CustomInputView.swift in Sources */,
				1E84394324A02B6E0029718E /* ParticipantsViewController.swift in Sources */,
				3101F995244235C5006D3ED6 /* CreateGroupView.swift in Sources */,
				31FBA1E924539A0A0011F917 /* AmountValidator.swift in Sources */,
				31FBA203245C79330011F917 /* AlphaNumericMasker.swift in Sources */,
				3113CEFB243EAB4B001DF8CB /* GroupViewController.swift in Sources */,
				1E60AA8C25093D400008C7D3 /* CustomTextField.swift in Sources */,
				314DC827243A581100CDF881 /* Reachability.swift in Sources */,
				1EA59E7225558537007B1F6B /* UIImageView+Gif.swift in Sources */,
				1E6E867024DCE155002D6CAE /* CreateUserLoginView.swift in Sources */,
				1EA9E1B324A91A6600622DEA /* GroupTableViewCell.swift in Sources */,
				3113CEF5243E9F3C001DF8CB /* MainCoordinator.swift in Sources */,
				1E6E866E24DCDEB5002D6CAE /* CreateUserLoginViewController.swift in Sources */,
				31FE9E9A242C2B0B0034368F /* CodeView.swift in Sources */,
				3101F993244234FD006D3ED6 /* CreateGroupViewController.swift in Sources */,
				3113CEED243E9AED001DF8CB /* ApplicationCoordinator.swift in Sources */,
				31FBA1FC245C658D0011F917 /* EventDateTextField.swift in Sources */,
				31FBA1E3245367C80011F917 /* ValidatorResponse.swift in Sources */,
				31FBA1F42455DFE00011F917 /* FormTextField.swift in Sources */,
				31C224542482F42000675155 /* assets-fonts.swift in Sources */,
				1E5E291A24A4038B0077B3E3 /* ParticipantInputView.swift in Sources */,
				1E84394824A039850029718E /* AddParticipantAlertViewController.swift in Sources */,
				31FBA1E5245368550011F917 /* FieldError.swift in Sources */,
			);
			runOnlyForDeploymentPostprocessing = 0;
		};
		31C239722412E6E9008AC51C /* Sources */ = {
			isa = PBXSourcesBuildPhase;
			buildActionMask = 2147483647;
			files = (
				31C2397B2412E6E9008AC51C /* SecretSantaTests.swift in Sources */,
				1EF12239254EE779004275E5 /* UIImageView.swift in Sources */,
				3113CEF6243E9F3C001DF8CB /* MainCoordinator.swift in Sources */,
				3113CEEE243E9AED001DF8CB /* ApplicationCoordinator.swift in Sources */,
				3113CEF2243E9B36001DF8CB /* Coordinator.swift in Sources */,
			);
			runOnlyForDeploymentPostprocessing = 0;
		};
		31C2397D2412E6E9008AC51C /* Sources */ = {
			isa = PBXSourcesBuildPhase;
			buildActionMask = 2147483647;
			files = (
				31C239862412E6E9008AC51C /* SecretSantaUITests.swift in Sources */,
				1EF1223A254EE779004275E5 /* UIImageView.swift in Sources */,
				3113CEF7243E9F3C001DF8CB /* MainCoordinator.swift in Sources */,
				3113CEEF243E9AED001DF8CB /* ApplicationCoordinator.swift in Sources */,
				3113CEF3243E9B36001DF8CB /* Coordinator.swift in Sources */,
			);
			runOnlyForDeploymentPostprocessing = 0;
		};
/* End PBXSourcesBuildPhase section */

/* Begin PBXTargetDependency section */
		31C239782412E6E9008AC51C /* PBXTargetDependency */ = {
			isa = PBXTargetDependency;
			target = 31C239612412E6E4008AC51C /* SecretSanta */;
			targetProxy = 31C239772412E6E9008AC51C /* PBXContainerItemProxy */;
		};
		31C239832412E6E9008AC51C /* PBXTargetDependency */ = {
			isa = PBXTargetDependency;
			target = 31C239612412E6E4008AC51C /* SecretSanta */;
			targetProxy = 31C239822412E6E9008AC51C /* PBXContainerItemProxy */;
		};
/* End PBXTargetDependency section */

/* Begin PBXVariantGroup section */
		31C239692412E6E4008AC51C /* Main.storyboard */ = {
			isa = PBXVariantGroup;
			children = (
				31C2396A2412E6E4008AC51C /* Base */,
			);
			name = Main.storyboard;
			sourceTree = "<group>";
		};
		31C2396E2412E6E9008AC51C /* LaunchScreen.storyboard */ = {
			isa = PBXVariantGroup;
			children = (
				31C2396F2412E6E9008AC51C /* Base */,
			);
			name = LaunchScreen.storyboard;
			sourceTree = "<group>";
		};
/* End PBXVariantGroup section */

/* Begin XCBuildConfiguration section */
		31C239882412E6E9008AC51C /* Debug */ = {
			isa = XCBuildConfiguration;
			buildSettings = {
				ALWAYS_SEARCH_USER_PATHS = NO;
				CLANG_ANALYZER_NONNULL = YES;
				CLANG_ANALYZER_NUMBER_OBJECT_CONVERSION = YES_AGGRESSIVE;
				CLANG_CXX_LANGUAGE_STANDARD = "gnu++14";
				CLANG_CXX_LIBRARY = "libc++";
				CLANG_ENABLE_MODULES = YES;
				CLANG_ENABLE_OBJC_ARC = YES;
				CLANG_ENABLE_OBJC_WEAK = YES;
				CLANG_WARN_BLOCK_CAPTURE_AUTORELEASING = YES;
				CLANG_WARN_BOOL_CONVERSION = YES;
				CLANG_WARN_COMMA = YES;
				CLANG_WARN_CONSTANT_CONVERSION = YES;
				CLANG_WARN_DEPRECATED_OBJC_IMPLEMENTATIONS = YES;
				CLANG_WARN_DIRECT_OBJC_ISA_USAGE = YES_ERROR;
				CLANG_WARN_DOCUMENTATION_COMMENTS = YES;
				CLANG_WARN_EMPTY_BODY = YES;
				CLANG_WARN_ENUM_CONVERSION = YES;
				CLANG_WARN_INFINITE_RECURSION = YES;
				CLANG_WARN_INT_CONVERSION = YES;
				CLANG_WARN_NON_LITERAL_NULL_CONVERSION = YES;
				CLANG_WARN_OBJC_IMPLICIT_RETAIN_SELF = YES;
				CLANG_WARN_OBJC_LITERAL_CONVERSION = YES;
				CLANG_WARN_OBJC_ROOT_CLASS = YES_ERROR;
				CLANG_WARN_RANGE_LOOP_ANALYSIS = YES;
				CLANG_WARN_STRICT_PROTOTYPES = YES;
				CLANG_WARN_SUSPICIOUS_MOVE = YES;
				CLANG_WARN_UNGUARDED_AVAILABILITY = YES_AGGRESSIVE;
				CLANG_WARN_UNREACHABLE_CODE = YES;
				CLANG_WARN__DUPLICATE_METHOD_MATCH = YES;
				CODE_SIGN_IDENTITY = "iPhone Developer";
				COPY_PHASE_STRIP = NO;
				DEBUG_INFORMATION_FORMAT = dwarf;
				ENABLE_STRICT_OBJC_MSGSEND = YES;
				ENABLE_TESTABILITY = YES;
				GCC_C_LANGUAGE_STANDARD = gnu11;
				GCC_DYNAMIC_NO_PIC = NO;
				GCC_NO_COMMON_BLOCKS = YES;
				GCC_OPTIMIZATION_LEVEL = 0;
				GCC_PREPROCESSOR_DEFINITIONS = (
					"DEBUG=1",
					"$(inherited)",
				);
				GCC_WARN_64_TO_32_BIT_CONVERSION = YES;
				GCC_WARN_ABOUT_RETURN_TYPE = YES_ERROR;
				GCC_WARN_UNDECLARED_SELECTOR = YES;
				GCC_WARN_UNINITIALIZED_AUTOS = YES_AGGRESSIVE;
				GCC_WARN_UNUSED_FUNCTION = YES;
				GCC_WARN_UNUSED_VARIABLE = YES;
				IPHONEOS_DEPLOYMENT_TARGET = 12.2;
				MTL_ENABLE_DEBUG_INFO = INCLUDE_SOURCE;
				MTL_FAST_MATH = YES;
				ONLY_ACTIVE_ARCH = YES;
				SDKROOT = iphoneos;
				SWIFT_ACTIVE_COMPILATION_CONDITIONS = DEBUG;
				SWIFT_OPTIMIZATION_LEVEL = "-Onone";
			};
			name = Debug;
		};
		31C239892412E6E9008AC51C /* Release */ = {
			isa = XCBuildConfiguration;
			buildSettings = {
				ALWAYS_SEARCH_USER_PATHS = NO;
				CLANG_ANALYZER_NONNULL = YES;
				CLANG_ANALYZER_NUMBER_OBJECT_CONVERSION = YES_AGGRESSIVE;
				CLANG_CXX_LANGUAGE_STANDARD = "gnu++14";
				CLANG_CXX_LIBRARY = "libc++";
				CLANG_ENABLE_MODULES = YES;
				CLANG_ENABLE_OBJC_ARC = YES;
				CLANG_ENABLE_OBJC_WEAK = YES;
				CLANG_WARN_BLOCK_CAPTURE_AUTORELEASING = YES;
				CLANG_WARN_BOOL_CONVERSION = YES;
				CLANG_WARN_COMMA = YES;
				CLANG_WARN_CONSTANT_CONVERSION = YES;
				CLANG_WARN_DEPRECATED_OBJC_IMPLEMENTATIONS = YES;
				CLANG_WARN_DIRECT_OBJC_ISA_USAGE = YES_ERROR;
				CLANG_WARN_DOCUMENTATION_COMMENTS = YES;
				CLANG_WARN_EMPTY_BODY = YES;
				CLANG_WARN_ENUM_CONVERSION = YES;
				CLANG_WARN_INFINITE_RECURSION = YES;
				CLANG_WARN_INT_CONVERSION = YES;
				CLANG_WARN_NON_LITERAL_NULL_CONVERSION = YES;
				CLANG_WARN_OBJC_IMPLICIT_RETAIN_SELF = YES;
				CLANG_WARN_OBJC_LITERAL_CONVERSION = YES;
				CLANG_WARN_OBJC_ROOT_CLASS = YES_ERROR;
				CLANG_WARN_RANGE_LOOP_ANALYSIS = YES;
				CLANG_WARN_STRICT_PROTOTYPES = YES;
				CLANG_WARN_SUSPICIOUS_MOVE = YES;
				CLANG_WARN_UNGUARDED_AVAILABILITY = YES_AGGRESSIVE;
				CLANG_WARN_UNREACHABLE_CODE = YES;
				CLANG_WARN__DUPLICATE_METHOD_MATCH = YES;
				CODE_SIGN_IDENTITY = "iPhone Developer";
				COPY_PHASE_STRIP = NO;
				DEBUG_INFORMATION_FORMAT = "dwarf-with-dsym";
				ENABLE_NS_ASSERTIONS = NO;
				ENABLE_STRICT_OBJC_MSGSEND = YES;
				GCC_C_LANGUAGE_STANDARD = gnu11;
				GCC_NO_COMMON_BLOCKS = YES;
				GCC_WARN_64_TO_32_BIT_CONVERSION = YES;
				GCC_WARN_ABOUT_RETURN_TYPE = YES_ERROR;
				GCC_WARN_UNDECLARED_SELECTOR = YES;
				GCC_WARN_UNINITIALIZED_AUTOS = YES_AGGRESSIVE;
				GCC_WARN_UNUSED_FUNCTION = YES;
				GCC_WARN_UNUSED_VARIABLE = YES;
				IPHONEOS_DEPLOYMENT_TARGET = 12.2;
				MTL_ENABLE_DEBUG_INFO = NO;
				MTL_FAST_MATH = YES;
				SDKROOT = iphoneos;
				SWIFT_COMPILATION_MODE = wholemodule;
				SWIFT_OPTIMIZATION_LEVEL = "-O";
				VALIDATE_PRODUCT = YES;
			};
			name = Release;
		};
		31C2398B2412E6E9008AC51C /* Debug */ = {
			isa = XCBuildConfiguration;
			baseConfigurationReference = 4C7B7A11AC938DCA0BDA46F0 /* Pods-SecretSanta.debug.xcconfig */;
			buildSettings = {
				ALWAYS_EMBED_SWIFT_STANDARD_LIBRARIES = "$(inherited) ";
				ASSETCATALOG_COMPILER_APPICON_NAME = AppIcon;
				CODE_SIGN_STYLE = Automatic;
				DEVELOPMENT_TEAM = H2GRK7445L;
				INFOPLIST_FILE = SecretSanta/Info.plist;
				LD_RUNPATH_SEARCH_PATHS = (
					"$(inherited)",
					"@executable_path/Frameworks",
				);
				PRODUCT_BUNDLE_IDENTIFIER = com.camsluisa.amigusecreto;
				PRODUCT_NAME = "$(TARGET_NAME)";
				SWIFT_VERSION = 5.0;
				TARGETED_DEVICE_FAMILY = "1,2";
			};
			name = Debug;
		};
		31C2398C2412E6E9008AC51C /* Release */ = {
			isa = XCBuildConfiguration;
			baseConfigurationReference = 8BE5D6343CC99BFC4D4E8896 /* Pods-SecretSanta.release.xcconfig */;
			buildSettings = {
				ALWAYS_EMBED_SWIFT_STANDARD_LIBRARIES = "$(inherited) ";
				ASSETCATALOG_COMPILER_APPICON_NAME = AppIcon;
				CODE_SIGN_STYLE = Automatic;
				DEVELOPMENT_TEAM = H2GRK7445L;
				INFOPLIST_FILE = SecretSanta/Info.plist;
				LD_RUNPATH_SEARCH_PATHS = (
					"$(inherited)",
					"@executable_path/Frameworks",
				);
				PRODUCT_BUNDLE_IDENTIFIER = com.camsluisa.amigusecreto;
				PRODUCT_NAME = "$(TARGET_NAME)";
				SWIFT_VERSION = 5.0;
				TARGETED_DEVICE_FAMILY = "1,2";
			};
			name = Release;
		};
		31C2398E2412E6E9008AC51C /* Debug */ = {
			isa = XCBuildConfiguration;
			baseConfigurationReference = F25722D576155D40643D9629 /* Pods-SecretSantaTests.debug.xcconfig */;
			buildSettings = {
				ALWAYS_EMBED_SWIFT_STANDARD_LIBRARIES = YES;
				BUNDLE_LOADER = "$(TEST_HOST)";
				CODE_SIGN_STYLE = Automatic;
				DEVELOPMENT_TEAM = Q353MJK483;
				INFOPLIST_FILE = SecretSantaTests/Info.plist;
				LD_RUNPATH_SEARCH_PATHS = (
					"$(inherited)",
					"@executable_path/Frameworks",
					"@loader_path/Frameworks",
				);
				PRODUCT_BUNDLE_IDENTIFIER = com.camsluisa.SecretSantaTests;
				PRODUCT_NAME = "$(TARGET_NAME)";
				SWIFT_VERSION = 5.0;
				TARGETED_DEVICE_FAMILY = "1,2";
				TEST_HOST = "$(BUILT_PRODUCTS_DIR)/SecretSanta.app/SecretSanta";
			};
			name = Debug;
		};
		31C2398F2412E6E9008AC51C /* Release */ = {
			isa = XCBuildConfiguration;
			baseConfigurationReference = 613C63F4D913B75BF03213C3 /* Pods-SecretSantaTests.release.xcconfig */;
			buildSettings = {
				ALWAYS_EMBED_SWIFT_STANDARD_LIBRARIES = YES;
				BUNDLE_LOADER = "$(TEST_HOST)";
				CODE_SIGN_STYLE = Automatic;
				DEVELOPMENT_TEAM = Q353MJK483;
				INFOPLIST_FILE = SecretSantaTests/Info.plist;
				LD_RUNPATH_SEARCH_PATHS = (
					"$(inherited)",
					"@executable_path/Frameworks",
					"@loader_path/Frameworks",
				);
				PRODUCT_BUNDLE_IDENTIFIER = com.camsluisa.SecretSantaTests;
				PRODUCT_NAME = "$(TARGET_NAME)";
				SWIFT_VERSION = 5.0;
				TARGETED_DEVICE_FAMILY = "1,2";
				TEST_HOST = "$(BUILT_PRODUCTS_DIR)/SecretSanta.app/SecretSanta";
			};
			name = Release;
		};
		31C239912412E6E9008AC51C /* Debug */ = {
			isa = XCBuildConfiguration;
			baseConfigurationReference = 71A5F36B81E6B0788D857847 /* Pods-SecretSanta-SecretSantaUITests.debug.xcconfig */;
			buildSettings = {
				ALWAYS_EMBED_SWIFT_STANDARD_LIBRARIES = YES;
				CODE_SIGN_STYLE = Automatic;
				DEVELOPMENT_TEAM = Q353MJK483;
				INFOPLIST_FILE = SecretSantaUITests/Info.plist;
				LD_RUNPATH_SEARCH_PATHS = (
					"$(inherited)",
					"@executable_path/Frameworks",
					"@loader_path/Frameworks",
				);
				PRODUCT_BUNDLE_IDENTIFIER = com.camsluisa.SecretSantaUITests;
				PRODUCT_NAME = "$(TARGET_NAME)";
				SWIFT_VERSION = 5.0;
				TARGETED_DEVICE_FAMILY = "1,2";
				TEST_TARGET_NAME = SecretSanta;
			};
			name = Debug;
		};
		31C239922412E6E9008AC51C /* Release */ = {
			isa = XCBuildConfiguration;
			baseConfigurationReference = 078824235CDA5F975CE1D3F5 /* Pods-SecretSanta-SecretSantaUITests.release.xcconfig */;
			buildSettings = {
				ALWAYS_EMBED_SWIFT_STANDARD_LIBRARIES = YES;
				CODE_SIGN_STYLE = Automatic;
				DEVELOPMENT_TEAM = Q353MJK483;
				INFOPLIST_FILE = SecretSantaUITests/Info.plist;
				LD_RUNPATH_SEARCH_PATHS = (
					"$(inherited)",
					"@executable_path/Frameworks",
					"@loader_path/Frameworks",
				);
				PRODUCT_BUNDLE_IDENTIFIER = com.camsluisa.SecretSantaUITests;
				PRODUCT_NAME = "$(TARGET_NAME)";
				SWIFT_VERSION = 5.0;
				TARGETED_DEVICE_FAMILY = "1,2";
				TEST_TARGET_NAME = SecretSanta;
			};
			name = Release;
		};
/* End XCBuildConfiguration section */

/* Begin XCConfigurationList section */
		31C2395D2412E6E4008AC51C /* Build configuration list for PBXProject "SecretSanta" */ = {
			isa = XCConfigurationList;
			buildConfigurations = (
				31C239882412E6E9008AC51C /* Debug */,
				31C239892412E6E9008AC51C /* Release */,
			);
			defaultConfigurationIsVisible = 0;
			defaultConfigurationName = Release;
		};
		31C2398A2412E6E9008AC51C /* Build configuration list for PBXNativeTarget "SecretSanta" */ = {
			isa = XCConfigurationList;
			buildConfigurations = (
				31C2398B2412E6E9008AC51C /* Debug */,
				31C2398C2412E6E9008AC51C /* Release */,
			);
			defaultConfigurationIsVisible = 0;
			defaultConfigurationName = Release;
		};
		31C2398D2412E6E9008AC51C /* Build configuration list for PBXNativeTarget "SecretSantaTests" */ = {
			isa = XCConfigurationList;
			buildConfigurations = (
				31C2398E2412E6E9008AC51C /* Debug */,
				31C2398F2412E6E9008AC51C /* Release */,
			);
			defaultConfigurationIsVisible = 0;
			defaultConfigurationName = Release;
		};
		31C239902412E6E9008AC51C /* Build configuration list for PBXNativeTarget "SecretSantaUITests" */ = {
			isa = XCConfigurationList;
			buildConfigurations = (
				31C239912412E6E9008AC51C /* Debug */,
				31C239922412E6E9008AC51C /* Release */,
			);
			defaultConfigurationIsVisible = 0;
			defaultConfigurationName = Release;
		};
/* End XCConfigurationList section */
	};
	rootObject = 31C2395A2412E6E4008AC51C /* Project object */;
}
